# This file is automatically @generated by Cargo.
# It is not intended for manual editing.
version = 4

[[package]]
name = "addr2line"
version = "0.24.2"
source = "registry+https://github.com/rust-lang/crates.io-index"
checksum = "dfbe277e56a376000877090da837660b4427aad530e3028d44e0bffe4f89a1c1"
dependencies = [
 "cpp_demangle",
 "fallible-iterator",
 "gimli",
 "memmap2",
 "object",
 "rustc-demangle",
 "smallvec",
 "typed-arena",
]

[[package]]
name = "adler2"
version = "2.0.1"
source = "registry+https://github.com/rust-lang/crates.io-index"
checksum = "320119579fcad9c21884f5c4861d16174d0e06250625266f50fe6898340abefa"

[[package]]
name = "ahash"
version = "0.8.12"
source = "registry+https://github.com/rust-lang/crates.io-index"
checksum = "5a15f179cd60c4584b8a8c596927aadc462e27f2ca70c04e0071964a73ba7a75"
dependencies = [
 "cfg-if",
 "getrandom",
 "once_cell",
 "version_check",
 "zerocopy",
]

[[package]]
name = "angr"
version = "0.1.0"
dependencies = [
 "icicle-fuzzing",
 "icicle-vm",
 "pcode",
 "pyo3",
 "rangemap",
 "send_wrapper",
 "target-lexicon 0.12.16",
]

[[package]]
name = "anyhow"
version = "1.0.98"
source = "registry+https://github.com/rust-lang/crates.io-index"
checksum = "e16d2d3311acee920a9eb8d33b8cbc1787ce4a264e85f964c2404b969bdcd487"

[[package]]
name = "arbitrary"
version = "1.4.1"
source = "registry+https://github.com/rust-lang/crates.io-index"
checksum = "dde20b3d026af13f561bdd0f15edf01fc734f0dafcedbaf42bba506a9517f223"

[[package]]
name = "autocfg"
version = "1.4.0"
source = "registry+https://github.com/rust-lang/crates.io-index"
checksum = "ace50bade8e6234aa140d9a2f552bbee1db4d353f69b8217bc503490fc1a9f26"

[[package]]
name = "base64"
version = "0.21.7"
source = "registry+https://github.com/rust-lang/crates.io-index"
checksum = "9d297deb1925b89f2ccc13d7635fa0714f12c87adce1c75356b39ca9b7178567"

[[package]]
name = "bitflags"
version = "1.3.2"
source = "registry+https://github.com/rust-lang/crates.io-index"
checksum = "bef38d45163c2f1dde094a7dfd33ccf595c92905c8f8f4fdc18d06fb1037718a"

[[package]]
name = "bitflags"
version = "2.9.1"
source = "registry+https://github.com/rust-lang/crates.io-index"
checksum = "1b8e56985ec62d17e9c1001dc89c88ecd7dc08e47eba5ec7c29c7b5eeecde967"
dependencies = [
 "serde",
]

[[package]]
name = "bstr"
version = "1.12.0"
source = "registry+https://github.com/rust-lang/crates.io-index"
checksum = "234113d19d0d7d613b40e86fb654acf958910802bcceab913a4f9e7cda03b1a4"
dependencies = [
 "memchr",
 "serde",
]

[[package]]
name = "bumpalo"
version = "3.18.1"
source = "registry+https://github.com/rust-lang/crates.io-index"
checksum = "793db76d6187cd04dff33004d8e6c9cc4e05cd330500379d2394209271b4aeee"

[[package]]
name = "bytemuck"
version = "1.23.1"
source = "registry+https://github.com/rust-lang/crates.io-index"
checksum = "5c76a5792e44e4abe34d3abf15636779261d45a7450612059293d1d2cfc63422"
dependencies = [
 "bytemuck_derive",
]

[[package]]
name = "bytemuck_derive"
version = "1.9.3"
source = "registry+https://github.com/rust-lang/crates.io-index"
checksum = "7ecc273b49b3205b83d648f0690daa588925572cc5063745bfe547fe7ec8e1a1"
dependencies = [
 "proc-macro2",
 "quote",
 "syn 2.0.100",
]

[[package]]
name = "cfg-if"
version = "1.0.0"
source = "registry+https://github.com/rust-lang/crates.io-index"
checksum = "baf1de4339761588bc0619e3cbc0120ee582ebb74b53b4efbf79117bd2da40fd"

[[package]]
name = "cpp_demangle"
version = "0.4.4"
source = "registry+https://github.com/rust-lang/crates.io-index"
checksum = "96e58d342ad113c2b878f16d5d034c03be492ae460cdbc02b7f0f2284d310c7d"
dependencies = [
 "cfg-if",
]

[[package]]
name = "cranelift"
version = "0.113.1"
source = "registry+https://github.com/rust-lang/crates.io-index"
checksum = "27711210499725bafe52c320a988e27283e6cf477ee8edac57e8275bef8ea550"
dependencies = [
 "cranelift-codegen",
 "cranelift-frontend",
 "cranelift-module",
]

[[package]]
name = "cranelift-bforest"
version = "0.113.1"
source = "registry+https://github.com/rust-lang/crates.io-index"
checksum = "540b193ff98b825a1f250a75b3118911af918a734154c69d80bcfcf91e7e9522"
dependencies = [
 "cranelift-entity",
]

[[package]]
name = "cranelift-bitset"
version = "0.113.1"
source = "registry+https://github.com/rust-lang/crates.io-index"
checksum = "c7cb269598b9557ab942d687d3c1086d77c4b50dcf35813f3a65ba306fd42279"

[[package]]
name = "cranelift-codegen"
version = "0.113.1"
source = "registry+https://github.com/rust-lang/crates.io-index"
checksum = "46566d7c83a8bff4150748d66020f4c7224091952aa4b4df1ec4959c39d937a1"
dependencies = [
 "bumpalo",
 "cranelift-bforest",
 "cranelift-bitset",
 "cranelift-codegen-meta",
 "cranelift-codegen-shared",
 "cranelift-control",
 "cranelift-entity",
 "cranelift-isle",
 "gimli",
 "hashbrown 0.14.5",
 "log",
 "regalloc2",
 "rustc-hash",
 "smallvec",
 "target-lexicon 0.12.16",
]

[[package]]
name = "cranelift-codegen-meta"
version = "0.113.1"
source = "registry+https://github.com/rust-lang/crates.io-index"
checksum = "2df8a86a34236cc75a8a6a271973da779c2aeb36c43b6e14da474cf931317082"
dependencies = [
 "cranelift-codegen-shared",
]

[[package]]
name = "cranelift-codegen-shared"
version = "0.113.1"
source = "registry+https://github.com/rust-lang/crates.io-index"
checksum = "cf75340b6a57b7c7c1b74f10d3d90883ee6d43a554be8131a4046c2ebcf5eb65"

[[package]]
name = "cranelift-control"
version = "0.113.1"
source = "registry+https://github.com/rust-lang/crates.io-index"
checksum = "2e84495bc5d23d86aad8c86f8ade4af765b94882af60d60e271d3153942f1978"
dependencies = [
 "arbitrary",
]

[[package]]
name = "cranelift-entity"
version = "0.113.1"
source = "registry+https://github.com/rust-lang/crates.io-index"
checksum = "963c17147b80df351965e57c04d20dbedc85bcaf44c3436780a59a3f1ff1b1c2"
dependencies = [
 "cranelift-bitset",
]

[[package]]
name = "cranelift-frontend"
version = "0.113.1"
source = "registry+https://github.com/rust-lang/crates.io-index"
checksum = "727f02acbc4b4cb2ba38a6637101d579db50190df1dd05168c68e762851a3dd5"
dependencies = [
 "cranelift-codegen",
 "log",
 "smallvec",
 "target-lexicon 0.12.16",
]

[[package]]
name = "cranelift-isle"
version = "0.113.1"
source = "registry+https://github.com/rust-lang/crates.io-index"
checksum = "32b00cc2e03c748f2531eea01c871f502b909d30295fdcad43aec7bf5c5b4667"

[[package]]
name = "cranelift-jit"
version = "0.113.1"
source = "registry+https://github.com/rust-lang/crates.io-index"
checksum = "f74630af581f32b99c8f4e06ee45799383ecc0795e3ff8aa86b7584bb2d643fd"
dependencies = [
 "anyhow",
 "cranelift-codegen",
 "cranelift-control",
 "cranelift-entity",
 "cranelift-module",
 "cranelift-native",
 "libc",
 "log",
 "region",
 "target-lexicon 0.12.16",
 "wasmtime-jit-icache-coherence",
 "windows-sys 0.59.0",
]

[[package]]
name = "cranelift-module"
version = "0.113.1"
source = "registry+https://github.com/rust-lang/crates.io-index"
checksum = "6aaa16c4f18a15be310df221ea544f516acc42fc58ca96e09a3d08651744efa1"
dependencies = [
 "anyhow",
 "cranelift-codegen",
 "cranelift-control",
]

[[package]]
name = "cranelift-native"
version = "0.113.1"
source = "registry+https://github.com/rust-lang/crates.io-index"
checksum = "bbeaf978dc7c1a2de8bbb9162510ed218eb156697bc45590b8fbdd69bb08e8de"
dependencies = [
 "cranelift-codegen",
 "libc",
 "target-lexicon 0.12.16",
]

[[package]]
name = "crc32fast"
version = "1.4.2"
source = "registry+https://github.com/rust-lang/crates.io-index"
checksum = "a97769d94ddab943e4510d138150169a2758b5ef3eb191a9ee688de3e23ef7b3"
dependencies = [
 "cfg-if",
]

[[package]]
name = "crepe"
version = "0.1.8"
source = "registry+https://github.com/rust-lang/crates.io-index"
checksum = "a572c5a5165c71c6a34cd5391521faf590f0e216031574375149fd9666ec5cad"
dependencies = [
 "petgraph",
 "proc-macro-error",
 "proc-macro2",
 "quote",
 "syn 2.0.100",
]

[[package]]
name = "crunchy"
version = "0.2.3"
source = "registry+https://github.com/rust-lang/crates.io-index"
checksum = "43da5946c66ffcc7745f48db692ffbb10a83bfe0afd96235c5c2a4fb23994929"

[[package]]
name = "equivalent"
version = "1.0.2"
source = "registry+https://github.com/rust-lang/crates.io-index"
checksum = "877a4ace8713b0bcf2a4e7eec82529c029f1d0619886d18145fea96c3ffe5c0f"

[[package]]
name = "errno"
version = "0.3.13"
source = "registry+https://github.com/rust-lang/crates.io-index"
checksum = "778e2ac28f6c47af28e4907f13ffd1e1ddbd400980a9abd7c8df189bf578a5ad"
dependencies = [
 "libc",
 "windows-sys 0.60.2",
]

[[package]]
name = "fallible-iterator"
version = "0.3.0"
source = "registry+https://github.com/rust-lang/crates.io-index"
checksum = "2acce4a10f12dc2fb14a218589d4f1f62ef011b2d0cc4b3cb1bba8e94da14649"

[[package]]
name = "fixedbitset"
version = "0.4.2"
source = "registry+https://github.com/rust-lang/crates.io-index"
checksum = "0ce7134b9999ecaf8bcd65542e436736ef32ddca1b3e06094cb6ec5755203b80"

[[package]]
name = "flate2"
version = "1.1.2"
source = "registry+https://github.com/rust-lang/crates.io-index"
checksum = "4a3d7db9596fecd151c5f638c0ee5d5bd487b6e0ea232e5dc96d5250f6f94b1d"
dependencies = [
 "crc32fast",
 "miniz_oxide",
]

[[package]]
name = "foldhash"
version = "0.1.5"
source = "registry+https://github.com/rust-lang/crates.io-index"
checksum = "d9c4f5dac5e15c24eb999c26181a6ca40b39fe946cbe4c263c7209467bc83af2"

[[package]]
name = "getrandom"
version = "0.3.3"
source = "registry+https://github.com/rust-lang/crates.io-index"
checksum = "26145e563e54f2cadc477553f1ec5ee650b00862f0a58bcd12cbdc5f0ea2d2f4"
dependencies = [
 "cfg-if",
 "libc",
 "r-efi",
 "wasi",
]

[[package]]
name = "gimli"
version = "0.31.1"
source = "registry+https://github.com/rust-lang/crates.io-index"
checksum = "07e28edb80900c19c28f1072f2e8aeca7fa06b23cd4169cefe1af5aa3260783f"
dependencies = [
 "fallible-iterator",
 "indexmap",
 "stable_deref_trait",
]

[[package]]
name = "half"
version = "2.6.0"
source = "registry+https://github.com/rust-lang/crates.io-index"
checksum = "459196ed295495a68f7d7fe1d84f6c4b7ff0e21fe3017b2f283c6fac3ad803c9"
dependencies = [
 "cfg-if",
 "crunchy",
]

[[package]]
name = "hashbrown"
version = "0.14.5"
source = "registry+https://github.com/rust-lang/crates.io-index"
checksum = "e5274423e17b7c9fc20b6e7e208532f9b19825d82dfd615708b70edd83df41f1"
dependencies = [
 "ahash",
]

[[package]]
name = "hashbrown"
version = "0.15.4"
source = "registry+https://github.com/rust-lang/crates.io-index"
checksum = "5971ac85611da7067dbfcabef3c70ebb5606018acd9e2a3903a0da507521e0d5"
dependencies = [
 "foldhash",
]

[[package]]
name = "heck"
version = "0.5.0"
source = "registry+https://github.com/rust-lang/crates.io-index"
checksum = "2304e00983f87ffb38b55b444b5e3b60a884b5d30c0fca7d82fe33449bbe55ea"

[[package]]
name = "icicle-cpu"
version = "0.1.0"
source = "git+https://github.com/icicle-emu/icicle-emu.git?rev=4d7ed93254a20b7e5c16bd7b0c6b46db49e1c72e#4d7ed93254a20b7e5c16bd7b0c6b46db49e1c72e"
dependencies = [
 "addr2line",
 "ahash",
 "anyhow",
 "bitflags 2.9.1",
 "bytemuck",
 "gimli",
 "half",
 "icicle-mem",
 "object",
 "pcode",
 "sleigh-runtime",
 "target-lexicon 0.12.16",
 "tracing",
]

[[package]]
name = "icicle-fuzzing"
version = "0.1.0"
source = "git+https://github.com/icicle-emu/icicle-emu.git?rev=4d7ed93254a20b7e5c16bd7b0c6b46db49e1c72e#4d7ed93254a20b7e5c16bd7b0c6b46db49e1c72e"
dependencies = [
 "ahash",
 "anyhow",
 "bitflags 2.9.1",
 "bytemuck",
 "crepe",
 "icicle-vm",
 "indexmap",
 "pcode",
 "ron",
 "serde",
 "sleigh-runtime",
 "target-lexicon 0.12.16",
 "tracing",
]

[[package]]
name = "icicle-jit"
version = "0.2.0"
source = "git+https://github.com/icicle-emu/icicle-emu.git?rev=4d7ed93254a20b7e5c16bd7b0c6b46db49e1c72e#4d7ed93254a20b7e5c16bd7b0c6b46db49e1c72e"
dependencies = [
 "cranelift",
 "cranelift-codegen",
 "cranelift-jit",
 "cranelift-module",
 "cranelift-native",
 "icicle-cpu",
 "memoffset",
 "pcode",
 "target-lexicon 0.12.16",
 "tracing",
 "wasmtime-jit-debug",
]

[[package]]
name = "icicle-linux"
version = "0.1.0"
source = "git+https://github.com/icicle-emu/icicle-emu.git?rev=4d7ed93254a20b7e5c16bd7b0c6b46db49e1c72e#4d7ed93254a20b7e5c16bd7b0c6b46db49e1c72e"
dependencies = [
 "bitflags 2.9.1",
 "bstr",
 "bytemuck",
 "icicle-cpu",
 "object",
 "pcode",
 "sleigh-runtime",
 "target-lexicon 0.12.16",
 "tracing",
]

[[package]]
name = "icicle-mem"
version = "0.3.0"
source = "git+https://github.com/icicle-emu/icicle-emu.git?rev=4d7ed93254a20b7e5c16bd7b0c6b46db49e1c72e#4d7ed93254a20b7e5c16bd7b0c6b46db49e1c72e"
dependencies = [
 "ahash",
 "tracing",
]

[[package]]
name = "icicle-vm"
version = "0.2.0"
source = "git+https://github.com/icicle-emu/icicle-emu.git?rev=4d7ed93254a20b7e5c16bd7b0c6b46db49e1c72e#4d7ed93254a20b7e5c16bd7b0c6b46db49e1c72e"
dependencies = [
 "anyhow",
 "icicle-cpu",
 "icicle-jit",
 "icicle-linux",
 "ihex",
 "object",
 "pcode",
 "ron",
 "serde",
 "serde-xml-rs",
 "sleigh-compile",
 "sleigh-runtime",
 "target-lexicon 0.12.16",
 "tracing",
]

[[package]]
name = "ihex"
version = "3.0.0"
source = "registry+https://github.com/rust-lang/crates.io-index"
checksum = "365a784774bb381e8c19edb91190a90d7f2625e057b55de2bc0f6b57bc779ff2"

[[package]]
name = "indexmap"
version = "2.9.0"
source = "registry+https://github.com/rust-lang/crates.io-index"
checksum = "cea70ddb795996207ad57735b50c5982d8844f38ba9ee5f1aedcfb708a2aa11e"
dependencies = [
 "equivalent",
 "hashbrown 0.15.4",
]

[[package]]
name = "indoc"
version = "2.0.6"
source = "registry+https://github.com/rust-lang/crates.io-index"
checksum = "f4c7245a08504955605670dbf141fceab975f15ca21570696aebe9d2e71576bd"

[[package]]
name = "libc"
version = "0.2.172"
source = "registry+https://github.com/rust-lang/crates.io-index"
checksum = "d750af042f7ef4f724306de029d18836c26c1765a54a6a3f094cbd23a7267ffa"

[[package]]
name = "linux-raw-sys"
version = "0.4.15"
source = "registry+https://github.com/rust-lang/crates.io-index"
checksum = "d26c52dbd32dccf2d10cac7725f8eae5296885fb5703b261f7d0a0739ec807ab"

[[package]]
name = "log"
version = "0.4.27"
source = "registry+https://github.com/rust-lang/crates.io-index"
checksum = "13dc2df351e3202783a1fe0d44375f7295ffb4049267b0f3018346dc122a1d94"

[[package]]
name = "mach2"
version = "0.4.3"
source = "registry+https://github.com/rust-lang/crates.io-index"
checksum = "d640282b302c0bb0a2a8e0233ead9035e3bed871f0b7e81fe4a1ec829765db44"
dependencies = [
 "libc",
]

[[package]]
name = "memchr"
version = "2.7.5"
source = "registry+https://github.com/rust-lang/crates.io-index"
checksum = "32a282da65faaf38286cf3be983213fcf1d2e2a58700e808f83f4ea9a4804bc0"

[[package]]
name = "memmap2"
version = "0.9.5"
source = "registry+https://github.com/rust-lang/crates.io-index"
checksum = "fd3f7eed9d3848f8b98834af67102b720745c4ec028fcd0aa0239277e7de374f"
dependencies = [
 "libc",
]

[[package]]
name = "memoffset"
version = "0.9.1"
source = "registry+https://github.com/rust-lang/crates.io-index"
checksum = "488016bfae457b036d996092f6cb448677611ce4449e970ceaf42695203f218a"
dependencies = [
 "autocfg",
]

[[package]]
name = "miniz_oxide"
version = "0.8.9"
source = "registry+https://github.com/rust-lang/crates.io-index"
checksum = "1fa76a2c86f704bdb222d66965fb3d63269ce38518b83cb0575fca855ebb6316"
dependencies = [
 "adler2",
]

[[package]]
name = "object"
version = "0.36.7"
source = "registry+https://github.com/rust-lang/crates.io-index"
checksum = "62948e14d923ea95ea2c7c86c71013138b66525b86bdc08d2dcc262bdb497b87"
dependencies = [
 "crc32fast",
 "flate2",
 "hashbrown 0.15.4",
 "indexmap",
 "memchr",
 "ruzstd",
]

[[package]]
name = "once_cell"
version = "1.21.3"
source = "registry+https://github.com/rust-lang/crates.io-index"
checksum = "42f5e15c9953c5e4ccceeb2e7382a716482c34515315f7b03532b8b4e8393d2d"

[[package]]
name = "pcode"
version = "0.2.0"
source = "git+https://github.com/icicle-emu/icicle-emu.git?rev=4d7ed93254a20b7e5c16bd7b0c6b46db49e1c72e#4d7ed93254a20b7e5c16bd7b0c6b46db49e1c72e"

[[package]]
name = "petgraph"
version = "0.6.5"
source = "registry+https://github.com/rust-lang/crates.io-index"
checksum = "b4c5cc86750666a3ed20bdaf5ca2a0344f9c67674cae0515bec2da16fbaa47db"
dependencies = [
 "fixedbitset",
 "indexmap",
]

[[package]]
name = "pin-project-lite"
version = "0.2.16"
source = "registry+https://github.com/rust-lang/crates.io-index"
checksum = "3b3cff922bd51709b605d9ead9aa71031d81447142d828eb4a6eba76fe619f9b"

[[package]]
name = "portable-atomic"
version = "1.11.0"
source = "registry+https://github.com/rust-lang/crates.io-index"
checksum = "350e9b48cbc6b0e028b0473b114454c6316e57336ee184ceab6e53f72c178b3e"

[[package]]
name = "proc-macro-error"
version = "1.0.4"
source = "registry+https://github.com/rust-lang/crates.io-index"
checksum = "da25490ff9892aab3fcf7c36f08cfb902dd3e71ca0f9f9517bea02a73a5ce38c"
dependencies = [
 "proc-macro-error-attr",
 "proc-macro2",
 "quote",
 "syn 1.0.109",
 "version_check",
]

[[package]]
name = "proc-macro-error-attr"
version = "1.0.4"
source = "registry+https://github.com/rust-lang/crates.io-index"
checksum = "a1be40180e52ecc98ad80b184934baf3d0d29f979574e439af5a55274b35f869"
dependencies = [
 "proc-macro2",
 "quote",
 "version_check",
]

[[package]]
name = "proc-macro2"
version = "1.0.95"
source = "registry+https://github.com/rust-lang/crates.io-index"
checksum = "02b3e5e68a3a1a02aad3ec490a98007cbc13c37cbe84a3cd7b8e406d76e7f778"
dependencies = [
 "unicode-ident",
]

[[package]]
name = "pyo3"
version = "0.24.2"
source = "registry+https://github.com/rust-lang/crates.io-index"
checksum = "e5203598f366b11a02b13aa20cab591229ff0a89fd121a308a5df751d5fc9219"
dependencies = [
 "cfg-if",
 "indoc",
 "libc",
 "memoffset",
 "once_cell",
 "portable-atomic",
 "pyo3-build-config",
 "pyo3-ffi",
 "pyo3-macros",
 "unindent",
]

[[package]]
name = "pyo3-build-config"
version = "0.24.2"
source = "registry+https://github.com/rust-lang/crates.io-index"
checksum = "99636d423fa2ca130fa5acde3059308006d46f98caac629418e53f7ebb1e9999"
dependencies = [
 "once_cell",
 "target-lexicon 0.13.2",
]

[[package]]
name = "pyo3-ffi"
version = "0.24.2"
source = "registry+https://github.com/rust-lang/crates.io-index"
checksum = "78f9cf92ba9c409279bc3305b5409d90db2d2c22392d443a87df3a1adad59e33"
dependencies = [
 "libc",
 "pyo3-build-config",
]

[[package]]
name = "pyo3-macros"
version = "0.24.2"
source = "registry+https://github.com/rust-lang/crates.io-index"
checksum = "0b999cb1a6ce21f9a6b147dcf1be9ffedf02e0043aec74dc390f3007047cecd9"
dependencies = [
 "proc-macro2",
 "pyo3-macros-backend",
 "quote",
 "syn 2.0.100",
]

[[package]]
name = "pyo3-macros-backend"
version = "0.24.2"
source = "registry+https://github.com/rust-lang/crates.io-index"
checksum = "822ece1c7e1012745607d5cf0bcb2874769f0f7cb34c4cde03b9358eb9ef911a"
dependencies = [
 "heck",
 "proc-macro2",
 "pyo3-build-config",
 "quote",
 "syn 2.0.100",
]

[[package]]
name = "quote"
version = "1.0.40"
source = "registry+https://github.com/rust-lang/crates.io-index"
checksum = "1885c039570dc00dcb4ff087a89e185fd56bae234ddc7f056a945bf36467248d"
dependencies = [
 "proc-macro2",
]

[[package]]
name = "r-efi"
version = "5.3.0"
source = "registry+https://github.com/rust-lang/crates.io-index"
checksum = "69cdb34c158ceb288df11e18b4bd39de994f6657d83847bdffdbd7f346754b0f"

[[package]]
name = "rangemap"
version = "1.5.1"
source = "registry+https://github.com/rust-lang/crates.io-index"
checksum = "f60fcc7d6849342eff22c4350c8b9a989ee8ceabc4b481253e8946b9fe83d684"

[[package]]
name = "regalloc2"
version = "0.10.2"
source = "registry+https://github.com/rust-lang/crates.io-index"
checksum = "12908dbeb234370af84d0579b9f68258a0f67e201412dd9a2814e6f45b2fc0f0"
dependencies = [
 "hashbrown 0.14.5",
 "log",
 "rustc-hash",
 "slice-group-by",
 "smallvec",
]

[[package]]
name = "region"
version = "3.0.2"
source = "registry+https://github.com/rust-lang/crates.io-index"
checksum = "e6b6ebd13bc009aef9cd476c1310d49ac354d36e240cf1bd753290f3dc7199a7"
dependencies = [
 "bitflags 1.3.2",
 "libc",
 "mach2",
 "windows-sys 0.52.0",
]

[[package]]
name = "ron"
version = "0.8.1"
source = "registry+https://github.com/rust-lang/crates.io-index"
checksum = "b91f7eff05f748767f183df4320a63d6936e9c6107d97c9e6bdd9784f4289c94"
dependencies = [
 "base64",
 "bitflags 2.9.1",
 "serde",
 "serde_derive",
]

[[package]]
name = "rustc-demangle"
version = "0.1.25"
source = "registry+https://github.com/rust-lang/crates.io-index"
checksum = "989e6739f80c4ad5b13e0fd7fe89531180375b18520cc8c82080e4dc4035b84f"

[[package]]
name = "rustc-hash"
version = "2.1.1"
source = "registry+https://github.com/rust-lang/crates.io-index"
checksum = "357703d41365b4b27c590e3ed91eabb1b663f07c4c084095e60cbed4362dff0d"

[[package]]
name = "rustix"
version = "0.38.44"
source = "registry+https://github.com/rust-lang/crates.io-index"
checksum = "fdb5bc1ae2baa591800df16c9ca78619bf65c0488b41b96ccec5d11220d8c154"
dependencies = [
 "bitflags 2.9.1",
 "errno",
 "libc",
 "linux-raw-sys",
 "windows-sys 0.59.0",
]

[[package]]
name = "ruzstd"
version = "0.7.3"
source = "registry+https://github.com/rust-lang/crates.io-index"
checksum = "fad02996bfc73da3e301efe90b1837be9ed8f4a462b6ed410aa35d00381de89f"
dependencies = [
 "twox-hash",
]

[[package]]
name = "send_wrapper"
version = "0.6.0"
source = "registry+https://github.com/rust-lang/crates.io-index"
checksum = "cd0b0ec5f1c1ca621c432a25813d8d60c88abe6d3e08a3eb9cf37d97a0fe3d73"

[[package]]
name = "serde"
version = "1.0.219"
source = "registry+https://github.com/rust-lang/crates.io-index"
checksum = "5f0e2c6ed6606019b4e29e69dbaba95b11854410e5347d525002456dbbb786b6"
dependencies = [
 "serde_derive",
]

[[package]]
name = "serde-xml-rs"
version = "0.6.0"
source = "registry+https://github.com/rust-lang/crates.io-index"
checksum = "fb3aa78ecda1ebc9ec9847d5d3aba7d618823446a049ba2491940506da6e2782"
dependencies = [
 "log",
 "serde",
 "thiserror",
 "xml-rs",
]

[[package]]
name = "serde_derive"
version = "1.0.219"
source = "registry+https://github.com/rust-lang/crates.io-index"
checksum = "5b0276cf7f2c73365f7157c8123c21cd9a50fbbd844757af28ca1f5925fc2a00"
dependencies = [
 "proc-macro2",
 "quote",
 "syn 2.0.100",
]

[[package]]
name = "sleigh-compile"
version = "0.3.0"
source = "git+https://github.com/icicle-emu/icicle-emu.git?rev=4d7ed93254a20b7e5c16bd7b0c6b46db49e1c72e#4d7ed93254a20b7e5c16bd7b0c6b46db49e1c72e"
dependencies = [
 "pcode",
 "serde",
 "serde-xml-rs",
 "serde_derive",
 "sleigh-parse",
 "sleigh-runtime",
]

[[package]]
name = "sleigh-parse"
version = "0.3.0"
source = "git+https://github.com/icicle-emu/icicle-emu.git?rev=4d7ed93254a20b7e5c16bd7b0c6b46db49e1c72e#4d7ed93254a20b7e5c16bd7b0c6b46db49e1c72e"

[[package]]
name = "sleigh-runtime"
version = "0.1.0"
source = "git+https://github.com/icicle-emu/icicle-emu.git?rev=4d7ed93254a20b7e5c16bd7b0c6b46db49e1c72e#4d7ed93254a20b7e5c16bd7b0c6b46db49e1c72e"
dependencies = [
 "pcode",
 "sleigh-parse",
]

[[package]]
name = "slice-group-by"
version = "0.3.1"
source = "registry+https://github.com/rust-lang/crates.io-index"
checksum = "826167069c09b99d56f31e9ae5c99049e932a98c9dc2dac47645b08dbbf76ba7"

[[package]]
name = "smallvec"
version = "1.15.1"
source = "registry+https://github.com/rust-lang/crates.io-index"
checksum = "67b1b7a3b5fe4f1376887184045fcf45c69e92af734b7aaddc05fb777b6fbd03"

[[package]]
name = "stable_deref_trait"
version = "1.2.0"
source = "registry+https://github.com/rust-lang/crates.io-index"
checksum = "a8f112729512f8e442d81f95a8a7ddf2b7c6b8a1a6f509a95864142b30cab2d3"

[[package]]
name = "static_assertions"
version = "1.1.0"
source = "registry+https://github.com/rust-lang/crates.io-index"
checksum = "a2eb9349b6444b326872e140eb1cf5e7c522154d69e7a0ffb0fb81c06b37543f"

[[package]]
name = "syn"
version = "1.0.109"
source = "registry+https://github.com/rust-lang/crates.io-index"
checksum = "72b64191b275b66ffe2469e8af2c1cfe3bafa67b529ead792a6d0160888b4237"
dependencies = [
 "proc-macro2",
 "unicode-ident",
]

[[package]]
name = "syn"
version = "2.0.100"
source = "registry+https://github.com/rust-lang/crates.io-index"
checksum = "b09a44accad81e1ba1cd74a32461ba89dee89095ba17b32f5d03683b1b1fc2a0"
dependencies = [
 "proc-macro2",
 "quote",
 "unicode-ident",
]

[[package]]
name = "target-lexicon"
version = "0.12.16"
source = "registry+https://github.com/rust-lang/crates.io-index"
checksum = "61c41af27dd6d1e27b1b16b489db798443478cef1f06a660c96db617ba5de3b1"

[[package]]
name = "target-lexicon"
version = "0.13.2"
source = "registry+https://github.com/rust-lang/crates.io-index"
checksum = "e502f78cdbb8ba4718f566c418c52bc729126ffd16baee5baa718cf25dd5a69a"

[[package]]
name = "thiserror"
version = "1.0.69"
source = "registry+https://github.com/rust-lang/crates.io-index"
checksum = "b6aaf5339b578ea85b50e080feb250a3e8ae8cfcdff9a461c9ec2904bc923f52"
dependencies = [
 "thiserror-impl",
]

[[package]]
name = "thiserror-impl"
version = "1.0.69"
source = "registry+https://github.com/rust-lang/crates.io-index"
checksum = "4fee6c4efc90059e10f81e6d42c60a18f76588c3d74cb83a0b242a2b6c7504c1"
dependencies = [
 "proc-macro2",
 "quote",
 "syn 2.0.100",
]

[[package]]
name = "tracing"
version = "0.1.41"
source = "registry+https://github.com/rust-lang/crates.io-index"
checksum = "784e0ac535deb450455cbfa28a6f0df145ea1bb7ae51b821cf5e7927fdcfbdd0"
dependencies = [
 "pin-project-lite",
 "tracing-core",
]

[[package]]
name = "tracing-core"
version = "0.1.34"
source = "registry+https://github.com/rust-lang/crates.io-index"
checksum = "b9d12581f227e93f094d3af2ae690a574abb8a2b9b7a96e7cfe9647b2b617678"

[[package]]
name = "twox-hash"
version = "1.6.3"
source = "registry+https://github.com/rust-lang/crates.io-index"
checksum = "97fee6b57c6a41524a810daee9286c02d7752c4253064d0b05472833a438f675"
dependencies = [
 "cfg-if",
 "static_assertions",
]

[[package]]
name = "typed-arena"
version = "2.0.2"
source = "registry+https://github.com/rust-lang/crates.io-index"
checksum = "6af6ae20167a9ece4bcb41af5b80f8a1f1df981f6391189ce00fd257af04126a"

[[package]]
name = "unicode-ident"
version = "1.0.18"
source = "registry+https://github.com/rust-lang/crates.io-index"
checksum = "5a5f39404a5da50712a4c1eecf25e90dd62b613502b7e925fd4e4d19b5c96512"

[[package]]
name = "unindent"
version = "0.2.4"
source = "registry+https://github.com/rust-lang/crates.io-index"
checksum = "7264e107f553ccae879d21fbea1d6724ac785e8c3bfc762137959b5802826ef3"

[[package]]
name = "version_check"
version = "0.9.5"
source = "registry+https://github.com/rust-lang/crates.io-index"
checksum = "0b928f33d975fc6ad9f86c8f283853ad26bdd5b10b7f1542aa2fa15e2289105a"

[[package]]
name = "wasi"
version = "0.14.2+wasi-0.2.4"
source = "registry+https://github.com/rust-lang/crates.io-index"
checksum = "9683f9a5a998d873c0d21fcbe3c083009670149a8fab228644b8bd36b2c48cb3"
dependencies = [
 "wit-bindgen-rt",
]

[[package]]
name = "wasmtime-jit-debug"
version = "26.0.1"
source = "registry+https://github.com/rust-lang/crates.io-index"
checksum = "f02a0118d471de665565ed200bc56673eaa10cc8e223dfe2cef5d50ed0d9d143"
dependencies = [
 "object",
 "rustix",
 "wasmtime-versioned-export-macros",
]

[[package]]
name = "wasmtime-jit-icache-coherence"
version = "26.0.1"
source = "registry+https://github.com/rust-lang/crates.io-index"
checksum = "da47fba49af72581bc0dc67c8faaf5ee550e6f106e285122a184a675193701a5"
dependencies = [
 "anyhow",
 "cfg-if",
 "libc",
 "windows-sys 0.59.0",
]

[[package]]
name = "wasmtime-versioned-export-macros"
version = "26.0.1"
source = "registry+https://github.com/rust-lang/crates.io-index"
checksum = "db8efb877c9e5e67239d4553bb44dd2a34ae5cfb728f3cf2c5e64439c6ca6ee7"
dependencies = [
 "proc-macro2",
 "quote",
 "syn 2.0.100",
]

[[package]]
name = "windows-sys"
version = "0.52.0"
source = "registry+https://github.com/rust-lang/crates.io-index"
checksum = "282be5f36a8ce781fad8c8ae18fa3f9beff57ec1b52cb3de0789201425d9a33d"
dependencies = [
 "windows-targets 0.52.6",
]

[[package]]
name = "windows-sys"
version = "0.59.0"
source = "registry+https://github.com/rust-lang/crates.io-index"
checksum = "1e38bc4d79ed67fd075bcc251a1c39b32a1776bbe92e5bef1f0bf1f8c531853b"
dependencies = [
 "windows-targets 0.52.6",
]

[[package]]
name = "windows-sys"
version = "0.60.2"
source = "registry+https://github.com/rust-lang/crates.io-index"
checksum = "f2f500e4d28234f72040990ec9d39e3a6b950f9f22d3dba18416c35882612bcb"
dependencies = [
 "windows-targets 0.53.2",
]

[[package]]
name = "windows-targets"
version = "0.52.6"
source = "registry+https://github.com/rust-lang/crates.io-index"
checksum = "9b724f72796e036ab90c1021d4780d4d3d648aca59e491e6b98e725b84e99973"
dependencies = [
 "windows_aarch64_gnullvm 0.52.6",
 "windows_aarch64_msvc 0.52.6",
 "windows_i686_gnu 0.52.6",
 "windows_i686_gnullvm 0.52.6",
 "windows_i686_msvc 0.52.6",
 "windows_x86_64_gnu 0.52.6",
 "windows_x86_64_gnullvm 0.52.6",
 "windows_x86_64_msvc 0.52.6",
]

[[package]]
name = "windows-targets"
version = "0.53.2"
source = "registry+https://github.com/rust-lang/crates.io-index"
checksum = "c66f69fcc9ce11da9966ddb31a40968cad001c5bedeb5c2b82ede4253ab48aef"
dependencies = [
 "windows_aarch64_gnullvm 0.53.0",
 "windows_aarch64_msvc 0.53.0",
 "windows_i686_gnu 0.53.0",
 "windows_i686_gnullvm 0.53.0",
 "windows_i686_msvc 0.53.0",
 "windows_x86_64_gnu 0.53.0",
 "windows_x86_64_gnullvm 0.53.0",
 "windows_x86_64_msvc 0.53.0",
]

[[package]]
name = "windows_aarch64_gnullvm"
version = "0.52.6"
source = "registry+https://github.com/rust-lang/crates.io-index"
checksum = "32a4622180e7a0ec044bb555404c800bc9fd9ec262ec147edd5989ccd0c02cd3"

[[package]]
name = "windows_aarch64_gnullvm"
version = "0.53.0"
source = "registry+https://github.com/rust-lang/crates.io-index"
checksum = "86b8d5f90ddd19cb4a147a5fa63ca848db3df085e25fee3cc10b39b6eebae764"

[[package]]
name = "windows_aarch64_msvc"
version = "0.52.6"
source = "registry+https://github.com/rust-lang/crates.io-index"
checksum = "09ec2a7bb152e2252b53fa7803150007879548bc709c039df7627cabbd05d469"

[[package]]
name = "windows_aarch64_msvc"
version = "0.53.0"
source = "registry+https://github.com/rust-lang/crates.io-index"
checksum = "c7651a1f62a11b8cbd5e0d42526e55f2c99886c77e007179efff86c2b137e66c"

[[package]]
name = "windows_i686_gnu"
version = "0.52.6"
source = "registry+https://github.com/rust-lang/crates.io-index"
checksum = "8e9b5ad5ab802e97eb8e295ac6720e509ee4c243f69d781394014ebfe8bbfa0b"

[[package]]
name = "windows_i686_gnu"
version = "0.53.0"
source = "registry+https://github.com/rust-lang/crates.io-index"
checksum = "c1dc67659d35f387f5f6c479dc4e28f1d4bb90ddd1a5d3da2e5d97b42d6272c3"

[[package]]
name = "windows_i686_gnullvm"
version = "0.52.6"
source = "registry+https://github.com/rust-lang/crates.io-index"
checksum = "0eee52d38c090b3caa76c563b86c3a4bd71ef1a819287c19d586d7334ae8ed66"

[[package]]
name = "windows_i686_gnullvm"
version = "0.53.0"
source = "registry+https://github.com/rust-lang/crates.io-index"
checksum = "9ce6ccbdedbf6d6354471319e781c0dfef054c81fbc7cf83f338a4296c0cae11"

[[package]]
name = "windows_i686_msvc"
version = "0.52.6"
source = "registry+https://github.com/rust-lang/crates.io-index"
checksum = "240948bc05c5e7c6dabba28bf89d89ffce3e303022809e73deaefe4f6ec56c66"

[[package]]
name = "windows_i686_msvc"
version = "0.53.0"
source = "registry+https://github.com/rust-lang/crates.io-index"
checksum = "581fee95406bb13382d2f65cd4a908ca7b1e4c2f1917f143ba16efe98a589b5d"

[[package]]
name = "windows_x86_64_gnu"
version = "0.52.6"
source = "registry+https://github.com/rust-lang/crates.io-index"
checksum = "147a5c80aabfbf0c7d901cb5895d1de30ef2907eb21fbbab29ca94c5b08b1a78"

[[package]]
name = "windows_x86_64_gnu"
version = "0.53.0"
source = "registry+https://github.com/rust-lang/crates.io-index"
checksum = "2e55b5ac9ea33f2fc1716d1742db15574fd6fc8dadc51caab1c16a3d3b4190ba"

[[package]]
name = "windows_x86_64_gnullvm"
version = "0.52.6"
source = "registry+https://github.com/rust-lang/crates.io-index"
checksum = "24d5b23dc417412679681396f2b49f3de8c1473deb516bd34410872eff51ed0d"

[[package]]
name = "windows_x86_64_gnullvm"
version = "0.53.0"
source = "registry+https://github.com/rust-lang/crates.io-index"
checksum = "0a6e035dd0599267ce1ee132e51c27dd29437f63325753051e71dd9e42406c57"

[[package]]
name = "windows_x86_64_msvc"
version = "0.52.6"
source = "registry+https://github.com/rust-lang/crates.io-index"
checksum = "589f6da84c646204747d1270a2a5661ea66ed1cced2631d546fdfb155959f9ec"

[[package]]
name = "windows_x86_64_msvc"
version = "0.53.0"
source = "registry+https://github.com/rust-lang/crates.io-index"
checksum = "271414315aff87387382ec3d271b52d7ae78726f5d44ac98b4f4030c91880486"

[[package]]
name = "wit-bindgen-rt"
version = "0.39.0"
source = "registry+https://github.com/rust-lang/crates.io-index"
checksum = "6f42320e61fe2cfd34354ecb597f86f413484a798ba44a8ca1165c58d42da6c1"
dependencies = [
 "bitflags 2.9.1",
]

[[package]]
name = "xml-rs"
version = "0.8.26"
source = "registry+https://github.com/rust-lang/crates.io-index"
checksum = "a62ce76d9b56901b19a74f19431b0d8b3bc7ca4ad685a746dfd78ca8f4fc6bda"

[[package]]
name = "zerocopy"
version = "0.8.26"
source = "registry+https://github.com/rust-lang/crates.io-index"
checksum = "1039dd0d3c310cf05de012d8a39ff557cb0d23087fd44cad61df08fc31907a2f"
dependencies = [
 "zerocopy-derive",
]

[[package]]
name = "zerocopy-derive"
version = "0.8.26"
source = "registry+https://github.com/rust-lang/crates.io-index"
checksum = "9ecf5b4cc5364572d7f4c329661bcc82724222973f2cab6f050a4e5c22f75181"
dependencies = [
 "proc-macro2",
 "quote",
 "syn 2.0.100",
]
